
Microsoft Visual Studio Solution File, Format Version 12.00
# Visual Studio Version 18
VisualStudioVersion = 18.2.11415.280 d18.0
MinimumVisualStudioVersion = 10.0.40219.1
Project("{FAE04EC0-301F-11D3-BF4B-00C04F79EFBC}") = "Flex-Trainer", "Flex-Trainer.csproj", "{0781F03D-0817-433E-883F-BDFB365AB400}"
EndProject
Global
	GlobalSection(SolutionConfigurationPlatforms) = preSolution
		Debug|Any CPU = Debug|Any CPU
		Release|Any CPU = Release|Any CPU
	EndGlobalSection
	GlobalSection(ProjectConfigurationPlatforms) = postSolution
		{0781F03D-0817-433E-883F-BDFB365AB400}.Debug|Any CPU.ActiveCfg = Debug|Any CPU
		{0781F03D-0817-433E-883F-BDFB365AB400}.Debug|Any CPU.Build.0 = Debug|Any CPU
		{0781F03D-0817-433E-883F-BDFB365AB400}.Release|Any CPU.ActiveCfg = Release|Any CPU
		{0781F03D-0817-433E-883F-BDFB365AB400}.Release|Any CPU.Build.0 = Release|Any CPU
	EndGlobalSection
	GlobalSection(SolutionProperties) = preSolution
		HideSolutionNode = FALSE
	EndGlobalSection
	GlobalSection(ExtensibilityGlobals) = postSolution
		SolutionGuid = {8E0E4336-9EFE-47D8-95A6-A2AFC8633107}
	EndGlobalSection
EndGlobal
